
Microsoft Visual Studio Solution File, Format Version 12.00
# Visual Studio Version 17
VisualStudioVersion = 17.9.34728.123
MinimumVisualStudioVersion = 10.0.40219.1
Project("{9A19103F-16F7-4668-BE54-9A1E7A4F7556}") = "UnitTestGapAnalyzer", "UnitTestGapAnalyzer.csproj", "{B7552CDA-385F-5E4F-9E0C-B0839B6F8ED6}"
EndProject
Global
	GlobalSection(SolutionConfigurationPlatforms) = preSolution
		Debug|Any CPU = Debug|Any CPU
		Release|Any CPU = Release|Any CPU
	EndGlobalSection
	GlobalSection(ProjectConfigurationPlatforms) = postSolution
		{B7552CDA-385F-5E4F-9E0C-B0839B6F8ED6}.Debug|Any CPU.ActiveCfg = Debug|Any CPU
		{B7552CDA-385F-5E4F-9E0C-B0839B6F8ED6}.Debug|Any CPU.Build.0 = Debug|Any CPU
		{B7552CDA-385F-5E4F-9E0C-B0839B6F8ED6}.Release|Any CPU.ActiveCfg = Release|Any CPU
		{B7552CDA-385F-5E4F-9E0C-B0839B6F8ED6}.Release|Any CPU.Build.0 = Release|Any CPU
	EndGlobalSection
	GlobalSection(SolutionProperties) = preSolution
		HideSolutionNode = FALSE
	EndGlobalSection
	GlobalSection(ExtensibilityGlobals) = postSolution
		SolutionGuid = {D52F79E3-EE0F-5B79-C7DA-2B4BAD4B18D5}
	EndGlobalSection
EndGlobal
